// !$*UTF8*$!
{
	archiveVersion = 1;
	classes = {
	};
	objectVersion = 56;
	objects = {

/* Begin PBXBuildFile section */
		04838E442B8913270000C2E4 /* AppDelegate.swift in Sources */ = {isa = PBXBuildFile; fileRef = 04838E432B8913270000C2E4 /* AppDelegate.swift */; };
		04838E482B8913270000C2E4 /* ViewController.swift in Sources */ = {isa = PBXBuildFile; fileRef = 04838E472B8913270000C2E4 /* ViewController.swift */; };
		04838E4D2B89132A0000C2E4 /* Assets.xcassets in Resources */ = {isa = PBXBuildFile; fileRef = 04838E4C2B89132A0000C2E4 /* Assets.xcassets */; };
		04838E502B89132A0000C2E4 /* LaunchScreen.storyboard in Resources */ = {isa = PBXBuildFile; fileRef = 04838E4E2B89132A0000C2E4 /* LaunchScreen.storyboard */; };
		04838E5B2B89132A0000C2E4 /* hpmonitorTests.swift in Sources */ = {isa = PBXBuildFile; fileRef = 04838E5A2B89132A0000C2E4 /* hpmonitorTests.swift */; };
		04838E652B89132A0000C2E4 /* hpmonitorUITests.swift in Sources */ = {isa = PBXBuildFile; fileRef = 04838E642B89132A0000C2E4 /* hpmonitorUITests.swift */; };
		04838E672B89132A0000C2E4 /* hpmonitorUITestsLaunchTests.swift in Sources */ = {isa = PBXBuildFile; fileRef = 04838E662B89132A0000C2E4 /* hpmonitorUITestsLaunchTests.swift */; };
/* End PBXBuildFile section */

/* Begin PBXContainerItemProxy section */
		04838E572B89132A0000C2E4 /* PBXContainerItemProxy */ = {
			isa = PBXContainerItemProxy;
			containerPortal = 04838E382B8913270000C2E4 /* Project object */;
			proxyType = 1;
			remoteGlobalIDString = 04838E3F2B8913270000C2E4;
			remoteInfo = hpmonitor;
		};
		04838E612B89132A0000C2E4 /* PBXContainerItemProxy */ = {
			isa = PBXContainerItemProxy;
			containerPortal = 04838E382B8913270000C2E4 /* Project object */;
			proxyType = 1;
			remoteGlobalIDString = 04838E3F2B8913270000C2E4;
			remoteInfo = hpmonitor;
		};
/* End PBXContainerItemProxy section */

/* Begin PBXFileReference section */
		04838E402B8913270000C2E4 /* hpmonitor.app */ = {isa = PBXFileReference; explicitFileType = wrapper.application; includeInIndex = 0; path = hpmonitor.app; sourceTree = BUILT_PRODUCTS_DIR; };
		04838E432B8913270000C2E4 /* AppDelegate.swift */ = {isa = PBXFileReference; lastKnownFileType = sourcecode.swift; path = AppDelegate.swift; sourceTree = "<group>"; };
		04838E472B8913270000C2E4 /* ViewController.swift */ = {isa = PBXFileReference; lastKnownFileType = sourcecode.swift; path = ViewController.swift; sourceTree = "<group>"; };
		04838E4C2B89132A0000C2E4 /* Assets.xcassets */ = {isa = PBXFileReference; lastKnownFileType = folder.assetcatalog; path = Assets.xcassets; sourceTree = "<group>"; };
		04838E4F2B89132A0000C2E4 /* Base */ = {isa = PBXFileReference; lastKnownFileType = file.storyboard; name = Base; path = Base.lproj/LaunchScreen.storyboard; sourceTree = "<group>"; };
		04838E512B89132A0000C2E4 /* Info.plist */ = {isa = PBXFileReference; lastKnownFileType = text.plist.xml; path = Info.plist; sourceTree = "<group>"; };
		04838E562B89132A0000C2E4 /* hpmonitorTests.xctest */ = {isa = PBXFileReference; explicitFileType = wrapper.cfbundle; includeInIndex = 0; path = hpmonitorTests.xctest; sourceTree = BUILT_PRODUCTS_DIR; };
		04838E5A2B89132A0000C2E4 /* hpmonitorTests.swift */ = {isa = PBXFileReference; lastKnownFileType = sourcecode.swift; path = hpmonitorTests.swift; sourceTree = "<group>"; };
		04838E602B89132A0000C2E4 /* hpmonitorUITests.xctest */ = {isa = PBXFileReference; explicitFileType = wrapper.cfbundle; includeInIndex = 0; path = hpmonitorUITests.xctest; sourceTree = BUILT_PRODUCTS_DIR; };
		04838E642B89132A0000C2E4 /* hpmonitorUITests.swift */ = {isa = PBXFileReference; lastKnownFileType = sourcecode.swift; path = hpmonitorUITests.swift; sourceTree = "<group>"; };
		04838E662B89132A0000C2E4 /* hpmonitorUITestsLaunchTests.swift */ = {isa = PBXFileReference; lastKnownFileType = sourcecode.swift; path = hpmonitorUITestsLaunchTests.swift; sourceTree = "<group>"; };
/* End PBXFileReference section */

/* Begin PBXFrameworksBuildPhase section */
		04838E3D2B8913270000C2E4 /* Frameworks */ = {
			isa = PBXFrameworksBuildPhase;
			buildActionMask = 2147483647;
			files = (
			);
			runOnlyForDeploymentPostprocessing = 0;
		};
		04838E532B89132A0000C2E4 /* Frameworks */ = {
			isa = PBXFrameworksBuildPhase;
			buildActionMask = 2147483647;
			files = (
			);
			runOnlyForDeploymentPostprocessing = 0;
		};
		04838E5D2B89132A0000C2E4 /* Frameworks */ = {
			isa = PBXFrameworksBuildPhase;
			buildActionMask = 2147483647;
			files = (
			);
			runOnlyForDeploymentPostprocessing = 0;
		};
/* End PBXFrameworksBuildPhase section */

/* Begin PBXGroup section */
		04838E372B8913270000C2E4 = {
			isa = PBXGroup;
			children = (
				04838E422B8913270000C2E4 /* hpmonitor */,
				04838E592B89132A0000C2E4 /* hpmonitorTests */,
				04838E632B89132A0000C2E4 /* hpmonitorUITests */,
				04838E412B8913270000C2E4 /* Products */,
			);
			sourceTree = "<group>";
		};
		04838E412B8913270000C2E4 /* Products */ = {
			isa = PBXGroup;
			children = (
				04838E402B8913270000C2E4 /* hpmonitor.app */,
				04838E562B89132A0000C2E4 /* hpmonitorTests.xctest */,
				04838E602B89132A0000C2E4 /* hpmonitorUITests.xctest */,
			);
			name = Products;
			sourceTree = "<group>";
		};
		04838E422B8913270000C2E4 /* hpmonitor */ = {
			isa = PBXGroup;
			children = (
				04838E432B8913270000C2E4 /* AppDelegate.swift */,
				04838E472B8913270000C2E4 /* ViewController.swift */,
				04838E4C2B89132A0000C2E4 /* Assets.xcassets */,
				04838E4E2B89132A0000C2E4 /* LaunchScreen.storyboard */,
				04838E512B89132A0000C2E4 /* Info.plist */,
			);
			path = hpmonitor;
			sourceTree = "<group>";
		};
		04838E592B89132A0000C2E4 /* hpmonitorTests */ = {
			isa = PBXGroup;
			children = (
				04838E5A2B89132A0000C2E4 /* hpmonitorTests.swift */,
			);
			path = hpmonitorTests;
			sourceTree = "<group>";
		};
		04838E632B89132A0000C2E4 /* hpmonitorUITests */ = {
			isa = PBXGroup;
			children = (
				04838E642B89132A0000C2E4 /* hpmonitorUITests.swift */,
				04838E662B89132A0000C2E4 /* hpmonitorUITestsLaunchTests.swift */,
			);
			path = hpmonitorUITests;
			sourceTree = "<group>";
		};
/* End PBXGroup section */

/* Begin PBXNativeTarget section */
		04838E3F2B8913270000C2E4 /* hpmonitor */ = {
			isa = PBXNativeTarget;
			buildConfigurationList = 04838E6A2B89132A0000C2E4 /* Build configuration list for PBXNativeTarget "hpmonitor" */;
			buildPhases = (
				04838E3C2B8913270000C2E4 /* Sources */,
				04838E3D2B8913270000C2E4 /* Frameworks */,
				04838E3E2B8913270000C2E4 /* Resources */,
			);
			buildRules = (
			);
			dependencies = (
			);
			name = hpmonitor;
			productName = hpmonitor;
			productReference = 04838E402B8913270000C2E4 /* hpmonitor.app */;
			productType = "com.apple.product-type.application";
		};
		04838E552B89132A0000C2E4 /* hpmonitorTests */ = {
			isa = PBXNativeTarget;
			buildConfigurationList = 04838E6D2B89132A0000C2E4 /* Build configuration list for PBXNativeTarget "hpmonitorTests" */;
			buildPhases = (
				04838E522B89132A0000C2E4 /* Sources */,
				04838E532B89132A0000C2E4 /* Frameworks */,
				04838E542B89132A0000C2E4 /* Resources */,
			);
			buildRules = (
			);
			dependencies = (
				04838E582B89132A0000C2E4 /* PBXTargetDependency */,
			);
			name = hpmonitorTests;
			productName = hpmonitorTests;
			productReference = 04838E562B89132A0000C2E4 /* hpmonitorTests.xctest */;
			productType = "com.apple.product-type.bundle.unit-test";
		};
		04838E5F2B89132A0000C2E4 /* hpmonitorUITests */ = {
			isa = PBXNativeTarget;
			buildConfigurationList = 04838E702B89132A0000C2E4 /* Build configuration list for PBXNativeTarget "hpmonitorUITests" */;
			buildPhases = (
				04838E5C2B89132A0000C2E4 /* Sources */,
				04838E5D2B89132A0000C2E4 /* Frameworks */,
				04838E5E2B89132A0000C2E4 /* Resources */,
			);
			buildRules = (
			);
			dependencies = (
				04838E622B89132A0000C2E4 /* PBXTargetDependency */,
			);
			name = hpmonitorUITests;
			productName = hpmonitorUITests;
			productReference = 04838E602B89132A0000C2E4 /* hpmonitorUITests.xctest */;
			productType = "com.apple.product-type.bundle.ui-testing";
		};
/* End PBXNativeTarget section */

/* Begin PBXProject section */
		04838E382B8913270000C2E4 /* Project object */ = {
			isa = PBXProject;
			attributes = {
				BuildIndependentTargetsInParallel = 1;
				LastSwiftUpdateCheck = 1500;
				LastUpgradeCheck = 1500;
				TargetAttributes = {
					04838E3F2B8913270000C2E4 = {
						CreatedOnToolsVersion = 15.0.1;
					};
					04838E552B89132A0000C2E4 = {
						CreatedOnToolsVersion = 15.0.1;
						TestTargetID = 04838E3F2B8913270000C2E4;
					};
					04838E5F2B89132A0000C2E4 = {
						CreatedOnToolsVersion = 15.0.1;
						TestTargetID = 04838E3F2B8913270000C2E4;
					};
				};
			};
			buildConfigurationList = 04838E3B2B8913270000C2E4 /* Build configuration list for PBXProject "hpmonitor" */;
			compatibilityVersion = "Xcode 14.0";
			developmentRegion = en;
			hasScannedForEncodings = 0;
			knownRegions = (
				en,
				Base,
			);
			mainGroup = 04838E372B8913270000C2E4;
			productRefGroup = 04838E412B8913270000C2E4 /* Products */;
			projectDirPath = "";
			projectRoot = "";
			targets = (
				04838E3F2B8913270000C2E4 /* hpmonitor */,
				04838E552B89132A0000C2E4 /* hpmonitorTests */,
				04838E5F2B89132A0000C2E4 /* hpmonitorUITests */,
			);
		};
/* End PBXProject section */

/* Begin PBXResourcesBuildPhase section */
		04838E3E2B8913270000C2E4 /* Resources */ = {
			isa = PBXResourcesBuildPhase;
			buildActionMask = 2147483647;
			files = (
				04838E502B89132A0000C2E4 /* LaunchScreen.storyboard in Resources */,
				04838E4D2B89132A0000C2E4 /* Assets.xcassets in Resources */,
			);
			runOnlyForDeploymentPostprocessing = 0;
		};
		04838E542B89132A0000C2E4 /* Resources */ = {
			isa = PBXResourcesBuildPhase;
			buildActionMask = 2147483647;
			files = (
			);
			runOnlyForDeploymentPostprocessing = 0;
		};
		04838E5E2B89132A0000C2E4 /* Resources */ = {
			isa = PBXResourcesBuildPhase;
			buildActionMask = 2147483647;
			files = (
			);
			runOnlyForDeploymentPostprocessing = 0;
		};
/* End PBXResourcesBuildPhase section */

/* Begin PBXSourcesBuildPhase section */
		04838E3C2B8913270000C2E4 /* Sources */ = {
			isa = PBXSourcesBuildPhase;
			buildActionMask = 2147483647;
			files = (
				04838E482B8913270000C2E4 /* ViewController.swift in Sources */,
				04838E442B8913270000C2E4 /* AppDelegate.swift in Sources */,
			);
			runOnlyForDeploymentPostprocessing = 0;
		};
		04838E522B89132A0000C2E4 /* Sources */ = {
			isa = PBXSourcesBuildPhase;
			buildActionMask = 2147483647;
			files = (
				04838E5B2B89132A0000C2E4 /* hpmonitorTests.swift in Sources */,
			);
			runOnlyForDeploymentPostprocessing = 0;
		};
		04838E5C2B89132A0000C2E4 /* Sources */ = {
			isa = PBXSourcesBuildPhase;
			buildActionMask = 2147483647;
			files = (
				04838E652B89132A0000C2E4 /* hpmonitorUITests.swift in Sources */,
				04838E672B89132A0000C2E4 /* hpmonitorUITestsLaunchTests.swift in Sources */,
			);
			runOnlyForDeploymentPostprocessing = 0;
		};
/* End PBXSourcesBuildPhase section */

/* Begin PBXTargetDependency section */
		04838E582B89132A0000C2E4 /* PBXTargetDependency */ = {
			isa = PBXTargetDependency;
			target = 04838E3F2B8913270000C2E4 /* hpmonitor */;
			targetProxy = 04838E572B89132A0000C2E4 /* PBXContainerItemProxy */;
		};
		04838E622B89132A0000C2E4 /* PBXTargetDependency */ = {
			isa = PBXTargetDependency;
			target = 04838E3F2B8913270000C2E4 /* hpmonitor */;
			targetProxy = 04838E612B89132A0000C2E4 /* PBXContainerItemProxy */;
		};
/* End PBXTargetDependency section */

/* Begin PBXVariantGroup section */
		04838E4E2B89132A0000C2E4 /* LaunchScreen.storyboard */ = {
			isa = PBXVariantGroup;
			children = (
				04838E4F2B89132A0000C2E4 /* Base */,
			);
			name = LaunchScreen.storyboard;
			sourceTree = "<group>";
		};
/* End PBXVariantGroup section */

/* Begin XCBuildConfiguration section */
		04838E682B89132A0000C2E4 /* Debug */ = {
			isa = XCBuildConfiguration;
			buildSettings = {
				ALWAYS_SEARCH_USER_PATHS = NO;
				ASSETCATALOG_COMPILER_GENERATE_SWIFT_ASSET_SYMBOL_EXTENSIONS = YES;
				CLANG_ANALYZER_NONNULL = YES;
				CLANG_ANALYZER_NUMBER_OBJECT_CONVERSION = YES_AGGRESSIVE;
				CLANG_CXX_LANGUAGE_STANDARD = "gnu++20";
				CLANG_ENABLE_MODULES = YES;
				CLANG_ENABLE_OBJC_ARC = YES;
				CLANG_ENABLE_OBJC_WEAK = YES;
				CLANG_WARN_BLOCK_CAPTURE_AUTORELEASING = YES;
				CLANG_WARN_BOOL_CONVERSION = YES;
				CLANG_WARN_COMMA = YES;
				CLANG_WARN_CONSTANT_CONVERSION = YES;
				CLANG_WARN_DEPRECATED_OBJC_IMPLEMENTATIONS = YES;
				CLANG_WARN_DIRECT_OBJC_ISA_USAGE = YES_ERROR;
				CLANG_WARN_DOCUMENTATION_COMMENTS = YES;
				CLANG_WARN_EMPTY_BODY = YES;
				CLANG_WARN_ENUM_CONVERSION = YES;
				CLANG_WARN_INFINITE_RECURSION = YES;
				CLANG_WARN_INT_CONVERSION = YES;
				CLANG_WARN_NON_LITERAL_NULL_CONVERSION = YES;
				CLANG_WARN_OBJC_IMPLICIT_RETAIN_SELF = YES;
				CLANG_WARN_OBJC_LITERAL_CONVERSION = YES;
				CLANG_WARN_OBJC_ROOT_CLASS = YES_ERROR;
				CLANG_WARN_QUOTED_INCLUDE_IN_FRAMEWORK_HEADER = YES;
				CLANG_WARN_RANGE_LOOP_ANALYSIS = YES;
				CLANG_WARN_STRICT_PROTOTYPES = YES;
				CLANG_WARN_SUSPICIOUS_MOVE = YES;
				CLANG_WARN_UNGUARDED_AVAILABILITY = YES_AGGRESSIVE;
				CLANG_WARN_UNREACHABLE_CODE = YES;
				CLANG_WARN__DUPLICATE_METHOD_MATCH = YES;
				COPY_PHASE_STRIP = NO;
				DEBUG_INFORMATION_FORMAT = dwarf;
				ENABLE_STRICT_OBJC_MSGSEND = YES;
				ENABLE_TESTABILITY = YES;
				ENABLE_USER_SCRIPT_SANDBOXING = YES;
				GCC_C_LANGUAGE_STANDARD = gnu17;
				GCC_DYNAMIC_NO_PIC = NO;
				GCC_NO_COMMON_BLOCKS = YES;
				GCC_OPTIMIZATION_LEVEL = 0;
				GCC_PREPROCESSOR_DEFINITIONS = (
					"DEBUG=1",
					"$(inherited)",
				);
				GCC_WARN_64_TO_32_BIT_CONVERSION = YES;
				GCC_WARN_ABOUT_RETURN_TYPE = YES_ERROR;
				GCC_WARN_UNDECLARED_SELECTOR = YES;
				GCC_WARN_UNINITIALIZED_AUTOS = YES_AGGRESSIVE;
				GCC_WARN_UNUSED_FUNCTION = YES;
				GCC_WARN_UNUSED_VARIABLE = YES;
				IPHONEOS_DEPLOYMENT_TARGET = 17.0;
				LOCALIZATION_PREFERS_STRING_CATALOGS = YES;
				MTL_ENABLE_DEBUG_INFO = INCLUDE_SOURCE;
				MTL_FAST_MATH = YES;
				ONLY_ACTIVE_ARCH = YES;
				SDKROOT = iphoneos;
				SWIFT_ACTIVE_COMPILATION_CONDITIONS = "DEBUG $(inherited)";
				SWIFT_OPTIMIZATION_LEVEL = "-Onone";
			};
			name = Debug;
		};
		04838E692B89132A0000C2E4 /* Release */ = {
			isa = XCBuildConfiguration;
			buildSettings = {
				ALWAYS_SEARCH_USER_PATHS = NO;
				ASSETCATALOG_COMPILER_GENERATE_SWIFT_ASSET_SYMBOL_EXTENSIONS = YES;
				CLANG_ANALYZER_NONNULL = YES;
				CLANG_ANALYZER_NUMBER_OBJECT_CONVERSION = YES_AGGRESSIVE;
				CLANG_CXX_LANGUAGE_STANDARD = "gnu++20";
				CLANG_ENABLE_MODULES = YES;
				CLANG_ENABLE_OBJC_ARC = YES;
				CLANG_ENABLE_OBJC_WEAK = YES;
				CLANG_WARN_BLOCK_CAPTURE_AUTORELEASING = YES;
				CLANG_WARN_BOOL_CONVERSION = YES;
				CLANG_WARN_COMMA = YES;
				CLANG_WARN_CONSTANT_CONVERSION = YES;
				CLANG_WARN_DEPRECATED_OBJC_IMPLEMENTATIONS = YES;
				CLANG_WARN_DIRECT_OBJC_ISA_USAGE = YES_ERROR;
				CLANG_WARN_DOCUMENTATION_COMMENTS = YES;
				CLANG_WARN_EMPTY_BODY = YES;
				CLANG_WARN_ENUM_CONVERSION = YES;
				CLANG_WARN_INFINITE_RECURSION = YES;
				CLANG_WARN_INT_CONVERSION = YES;
				CLANG_WARN_NON_LITERAL_NULL_CONVERSION = YES;
				CLANG_WARN_OBJC_IMPLICIT_RETAIN_SELF = YES;
				CLANG_WARN_OBJC_LITERAL_CONVERSION = YES;
				CLANG_WARN_OBJC_ROOT_CLASS = YES_ERROR;
				CLANG_WARN_QUOTED_INCLUDE_IN_FRAMEWORK_HEADER = YES;
				CLANG_WARN_RANGE_LOOP_ANALYSIS = YES;
				CLANG_WARN_STRICT_PROTOTYPES = YES;
				CLANG_WARN_SUSPICIOUS_MOVE = YES;
				CLANG_WARN_UNGUARDED_AVAILABILITY = YES_AGGRESSIVE;
				CLANG_WARN_UNREACHABLE_CODE = YES;
				CLANG_WARN__DUPLICATE_METHOD_MATCH = YES;
				COPY_PHASE_STRIP = NO;
				DEBUG_INFORMATION_FORMAT = "dwarf-with-dsym";
				ENABLE_NS_ASSERTIONS = NO;
				ENABLE_STRICT_OBJC_MSGSEND = YES;
				ENABLE_USER_SCRIPT_SANDBOXING = YES;
				GCC_C_LANGUAGE_STANDARD = gnu17;
				GCC_NO_COMMON_BLOCKS = YES;
				GCC_WARN_64_TO_32_BIT_CONVERSION = YES;
				GCC_WARN_ABOUT_RETURN_TYPE = YES_ERROR;
				GCC_WARN_UNDECLARED_SELECTOR = YES;
				GCC_WARN_UNINITIALIZED_AUTOS = YES_AGGRESSIVE;
				GCC_WARN_UNUSED_FUNCTION = YES;
				GCC_WARN_UNUSED_VARIABLE = YES;
				IPHONEOS_DEPLOYMENT_TARGET = 17.0;
				LOCALIZATION_PREFERS_STRING_CATALOGS = YES;
				MTL_ENABLE_DEBUG_INFO = NO;
				MTL_FAST_MATH = YES;
				SDKROOT = iphoneos;
				SWIFT_COMPILATION_MODE = wholemodule;
				VALIDATE_PRODUCT = YES;
			};
			name = Release;
		};
		04838E6B2B89132A0000C2E4 /* Debug */ = {
			isa = XCBuildConfiguration;
			buildSettings = {
				ASSETCATALOG_COMPILER_APPICON_NAME = AppIcon;
				ASSETCATALOG_COMPILER_GLOBAL_ACCENT_COLOR_NAME = AccentColor;
				CODE_SIGN_STYLE = Automatic;
				CURRENT_PROJECT_VERSION = 1;
				DEVELOPMENT_TEAM = YUSL8V383S;
				GENERATE_INFOPLIST_FILE = YES;
				INFOPLIST_FILE = hpmonitor/Info.plist;
				INFOPLIST_KEY_UIApplicationSupportsIndirectInputEvents = YES;
				INFOPLIST_KEY_UILaunchStoryboardName = LaunchScreen;
				INFOPLIST_KEY_UISupportedInterfaceOrientations_iPad = "UIInterfaceOrientationPortrait UIInterfaceOrientationPortraitUpsideDown UIInterfaceOrientationLandscapeLeft UIInterfaceOrientationLandscapeRight";
				INFOPLIST_KEY_UISupportedInterfaceOrientations_iPhone = "UIInterfaceOrientationPortrait UIInterfaceOrientationLandscapeLeft UIInterfaceOrientationLandscapeRight";
				LD_RUNPATH_SEARCH_PATHS = (
					"$(inherited)",
					"@executable_path/Frameworks",
				);
				MARKETING_VERSION = 1.0;
				PRODUCT_BUNDLE_IDENTIFIER = com.globant.hpmonitor;
				PRODUCT_NAME = "$(TARGET_NAME)";
				SWIFT_EMIT_LOC_STRINGS = YES;
				SWIFT_VERSION = 5.0;
				TARGETED_DEVICE_FAMILY = "1,2";
			};
			name = Debug;
		};
		04838E6C2B89132A0000C2E4 /* Release */ = {
			isa = XCBuildConfiguration;
			buildSettings = {
				ASSETCATALOG_COMPILER_APPICON_NAME = AppIcon;
				ASSETCATALOG_COMPILER_GLOBAL_ACCENT_COLOR_NAME = AccentColor;
				CODE_SIGN_STYLE = Automatic;
				CURRENT_PROJECT_VERSION = 1;
				DEVELOPMENT_TEAM = YUSL8V383S;
				GENERATE_INFOPLIST_FILE = YES;
				INFOPLIST_FILE = hpmonitor/Info.plist;
				INFOPLIST_KEY_UIApplicationSupportsIndirectInputEvents = YES;
				INFOPLIST_KEY_UILaunchStoryboardName = LaunchScreen;
				INFOPLIST_KEY_UISupportedInterfaceOrientations_iPad = "UIInterfaceOrientationPortrait UIInterfaceOrientationPortraitUpsideDown UIInterfaceOrientationLandscapeLeft UIInterfaceOrientationLandscapeRight";
				INFOPLIST_KEY_UISupportedInterfaceOrientations_iPhone = "UIInterfaceOrientationPortrait UIInterfaceOrientationLandscapeLeft UIInterfaceOrientationLandscapeRight";
				LD_RUNPATH_SEARCH_PATHS = (
					"$(inherited)",
					"@executable_path/Frameworks",
				);
				MARKETING_VERSION = 1.0;
				PRODUCT_BUNDLE_IDENTIFIER = com.globant.hpmonitor;
				PRODUCT_NAME = "$(TARGET_NAME)";
				SWIFT_EMIT_LOC_STRINGS = YES;
				SWIFT_VERSION = 5.0;
				TARGETED_DEVICE_FAMILY = "1,2";
			};
			name = Release;
		};
		04838E6E2B89132A0000C2E4 /* Debug */ = {
			isa = XCBuildConfiguration;
			buildSettings = {
				ALWAYS_EMBED_SWIFT_STANDARD_LIBRARIES = YES;
				BUNDLE_LOADER = "$(TEST_HOST)";
				CODE_SIGN_STYLE = Automatic;
				CURRENT_PROJECT_VERSION = 1;
				DEVELOPMENT_TEAM = YUSL8V383S;
				GENERATE_INFOPLIST_FILE = YES;
				IPHONEOS_DEPLOYMENT_TARGET = 17.0;
				MARKETING_VERSION = 1.0;
				PRODUCT_BUNDLE_IDENTIFIER = com.globant.hpmonitorTests;
				PRODUCT_NAME = "$(TARGET_NAME)";
				SWIFT_EMIT_LOC_STRINGS = NO;
				SWIFT_VERSION = 5.0;
				TARGETED_DEVICE_FAMILY = "1,2";
				TEST_HOST = "$(BUILT_PRODUCTS_DIR)/hpmonitor.app/$(BUNDLE_EXECUTABLE_FOLDER_PATH)/hpmonitor";
			};
			name = Debug;
		};
		04838E6F2B89132A0000C2E4 /* Release */ = {
			isa = XCBuildConfiguration;
			buildSettings = {
				ALWAYS_EMBED_SWIFT_STANDARD_LIBRARIES = YES;
				BUNDLE_LOADER = "$(TEST_HOST)";
				CODE_SIGN_STYLE = Automatic;
				CURRENT_PROJECT_VERSION = 1;
				DEVELOPMENT_TEAM = YUSL8V383S;
				GENERATE_INFOPLIST_FILE = YES;
				IPHONEOS_DEPLOYMENT_TARGET = 17.0;
				MARKETING_VERSION = 1.0;
				PRODUCT_BUNDLE_IDENTIFIER = com.globant.hpmonitorTests;
				PRODUCT_NAME = "$(TARGET_NAME)";
				SWIFT_EMIT_LOC_STRINGS = NO;
				SWIFT_VERSION = 5.0;
				TARGETED_DEVICE_FAMILY = "1,2";
				TEST_HOST = "$(BUILT_PRODUCTS_DIR)/hpmonitor.app/$(BUNDLE_EXECUTABLE_FOLDER_PATH)/hpmonitor";
			};
			name = Release;
		};
		04838E712B89132A0000C2E4 /* Debug */ = {
			isa = XCBuildConfiguration;
			buildSettings = {
				ALWAYS_EMBED_SWIFT_STANDARD_LIBRARIES = YES;
				CODE_SIGN_STYLE = Automatic;
				CURRENT_PROJECT_VERSION = 1;
				DEVELOPMENT_TEAM = YUSL8V383S;
				GENERATE_INFOPLIST_FILE = YES;
				MARKETING_VERSION = 1.0;
				PRODUCT_BUNDLE_IDENTIFIER = com.globant.hpmonitorUITests;
				PRODUCT_NAME = "$(TARGET_NAME)";
				SWIFT_EMIT_LOC_STRINGS = NO;
				SWIFT_VERSION = 5.0;
				TARGETED_DEVICE_FAMILY = "1,2";
				TEST_TARGET_NAME = hpmonitor;
			};
			name = Debug;
		};
		04838E722B89132A0000C2E4 /* Release */ = {
			isa = XCBuildConfiguration;
			buildSettings = {
				ALWAYS_EMBED_SWIFT_STANDARD_LIBRARIES = YES;
				CODE_SIGN_STYLE = Automatic;
				CURRENT_PROJECT_VERSION = 1;
				DEVELOPMENT_TEAM = YUSL8V383S;
				GENERATE_INFOPLIST_FILE = YES;
				MARKETING_VERSION = 1.0;
				PRODUCT_BUNDLE_IDENTIFIER = com.globant.hpmonitorUITests;
				PRODUCT_NAME = "$(TARGET_NAME)";
				SWIFT_EMIT_LOC_STRINGS = NO;
				SWIFT_VERSION = 5.0;
				TARGETED_DEVICE_FAMILY = "1,2";
				TEST_TARGET_NAME = hpmonitor;
			};
			name = Release;
		};
/* End XCBuildConfiguration section */

/* Begin XCConfigurationList section */
		04838E3B2B8913270000C2E4 /* Build configuration list for PBXProject "hpmonitor" */ = {
			isa = XCConfigurationList;
			buildConfigurations = (
				04838E682B89132A0000C2E4 /* Debug */,
				04838E692B89132A0000C2E4 /* Release */,
			);
			defaultConfigurationIsVisible = 0;
			defaultConfigurationName = Release;
		};
		04838E6A2B89132A0000C2E4 /* Build configuration list for PBXNativeTarget "hpmonitor" */ = {
			isa = XCConfigurationList;
			buildConfigurations = (
				04838E6B2B89132A0000C2E4 /* Debug */,
				04838E6C2B89132A0000C2E4 /* Release */,
			);
			defaultConfigurationIsVisible = 0;
			defaultConfigurationName = Release;
		};
		04838E6D2B89132A0000C2E4 /* Build configuration list for PBXNativeTarget "hpmonitorTests" */ = {
			isa = XCConfigurationList;
			buildConfigurations = (
				04838E6E2B89132A0000C2E4 /* Debug */,
				04838E6F2B89132A0000C2E4 /* Release */,
			);
			defaultConfigurationIsVisible = 0;
			defaultConfigurationName = Release;
		};
		04838E702B89132A0000C2E4 /* Build configuration list for PBXNativeTarget "hpmonitorUITests" */ = {
			isa = XCConfigurationList;
			buildConfigurations = (
				04838E712B89132A0000C2E4 /* Debug */,
				04838E722B89132A0000C2E4 /* Release */,
			);
			defaultConfigurationIsVisible = 0;
			defaultConfigurationName = Release;
		};
/* End XCConfigurationList section */
	};
	rootObject = 04838E382B8913270000C2E4 /* Project object */;
}
